{
  "name": "articlio-monorepo",
  "version": "1.0.0",
  "lockfileVersion": 3,
  "requires": true,
  "packages": {
    "": {
      "name": "articlio-monorepo",
      "version": "1.0.0",
      "workspaces": [
        "apps/*",
        "packages/*"
      ],
      "devDependencies": {
        "turbo": "^2.3.0",
        "typescript": "^5.7.0"
      }
    },
    "apps/web": {
      "name": "web",
      "version": "1.0.0",
      "dependencies": {
        "@articlio/api": "*",
        "@articlio/types": "*",
        "@articlio/utils": "*",
        "@articlio/ui": "*",
        "@sentry/react": "^8.0.0",
        "@supabase/supabase-js": "^2.45.0",
        "react": "^19.0.0",
        "react-dom": "^19.0.0",
        "react-router-dom": "^7.0.0"
      },
      "devDependencies": {
        "@types/react": "^19.0.0",
        "@types/react-dom": "^19.0.0",
        "@vitejs/plugin-react": "^4.3.0",
        "typescript": "^5.7.0",
        "vite": "^6.0.0"
      }
    },
    "apps/mobile": {
      "name": "mobile",
      "version": "1.0.0",
      "dependencies": {
        "@articlio/api": "*",
        "@articlio/types": "*",
        "@articlio/utils": "*",
        "@react-navigation/native": "^7.0.0",
        "expo": "~54.0.0",
        "expo-constants": "~19.0.0",
        "expo-linking": "~7.0.0",
        "expo-router": "~5.0.0",
        "expo-status-bar": "~2.0.0",
        "react": "19.0.0",
        "react-native": "0.80.0",
        "react-native-safe-area-context": "^5.0.0"
      },
      "devDependencies": {
        "@babel/core": "^7.25.0",
        "@types/react": "~19.0.0",
        "typescript": "^5.7.0"
      }
    },
    "packages/api": {
      "name": "@articlio/api",
      "version": "1.0.0",
      "dependencies": {
        "@articlio/types": "*",
        "@supabase/supabase-js": "^2.45.0"
      },
      "devDependencies": {
        "typescript": "^5.7.0"
      }
    },
    "packages/types": {
      "name": "@articlio/types",
      "version": "1.0.0",
      "devDependencies": {
        "@supabase/supabase-js": "^2.45.0",
        "typescript": "^5.7.0"
      }
    },
    "packages/utils": {
      "name": "@articlio/utils",
      "version": "1.0.0",
      "devDependencies": {
        "typescript": "^5.7.0"
      }
    },
    "packages/ui": {
      "name": "@articlio/ui",
      "version": "1.0.0",
      "dependencies": {
        "@articlio/types": "*",
        "@articlio/utils": "*"
      },
      "devDependencies": {
        "@types/react": "^19.0.0",
        "react": "^19.0.0",
        "typescript": "^5.7.0"
      },
      "peerDependencies": {
        "react": "^19.0.0"
      }
    }
  }
}
